Microsoft Visual Studio Solution File, Format Version 12.00
# Visual Studio Version 17
VisualStudioVersion = 17.5.2.0
MinimumVisualStudioVersion = 10.0.40219.1
Project("{FAE04EC0-301F-11D3-BF4B-00C04F79EFBC}") = "Where2Play", "Where2Play.csproj", "{11C56847-13D6-DAEB-3B8B-1C4AAC84FC57}"
EndProject
Global
	GlobalSection(SolutionConfigurationPlatforms) = preSolution
		Debug|Any CPU = Debug|Any CPU
		Release|Any CPU = Release|Any CPU
	EndGlobalSection
	GlobalSection(ProjectConfigurationPlatforms) = postSolution
		{11C56847-13D6-DAEB-3B8B-1C4AAC84FC57}.Debug|Any CPU.ActiveCfg = Debug|Any CPU
		{11C56847-13D6-DAEB-3B8B-1C4AAC84FC57}.Debug|Any CPU.Build.0 = Debug|Any CPU
		{11C56847-13D6-DAEB-3B8B-1C4AAC84FC57}.Release|Any CPU.ActiveCfg = Release|Any CPU
		{11C56847-13D6-DAEB-3B8B-1C4AAC84FC57}.Release|Any CPU.Build.0 = Release|Any CPU
	EndGlobalSection
	GlobalSection(SolutionProperties) = preSolution
		HideSolutionNode = FALSE
	EndGlobalSection
	GlobalSection(ExtensibilityGlobals) = postSolution
		SolutionGuid = {93B0BC03-B336-46BE-AB6E-F3BAD8FBD35C}
	EndGlobalSection
EndGlobal
